
Microsoft Visual Studio Solution File, Format Version 12.00
# Visual Studio Version 17
VisualStudioVersion = 17.7.34009.444
MinimumVisualStudioVersion = 10.0.40219.1
Project("{FAE04EC0-301F-11D3-BF4B-00C04F79EFBC}") = "WpfTvs", "WpfTvs\WpfTvs.csproj", "{68EFF35C-734F-42F3-B13D-5E3AC6B397B8}"
EndProject
Global
	GlobalSection(SolutionConfigurationPlatforms) = preSolution
		Debug|Any CPU = Debug|Any CPU
		Release|Any CPU = Release|Any CPU
	EndGlobalSection
	GlobalSection(ProjectConfigurationPlatforms) = postSolution
		{68EFF35C-734F-42F3-B13D-5E3AC6B397B8}.Debug|Any CPU.ActiveCfg = Debug|Any CPU
		{68EFF35C-734F-42F3-B13D-5E3AC6B397B8}.Debug|Any CPU.Build.0 = Debug|Any CPU
		{68EFF35C-734F-42F3-B13D-5E3AC6B397B8}.Release|Any CPU.ActiveCfg = Release|Any CPU
		{68EFF35C-734F-42F3-B13D-5E3AC6B397B8}.Release|Any CPU.Build.0 = Release|Any CPU
	EndGlobalSection
	GlobalSection(SolutionProperties) = preSolution
		HideSolutionNode = FALSE
	EndGlobalSection
	GlobalSection(ExtensibilityGlobals) = postSolution
		SolutionGuid = {1FFF6A6C-07B5-4D13-BAB3-3D2C1DD3D1E4}
	EndGlobalSection
EndGlobal
